
Microsoft Visual Studio Solution File, Format Version 12.00
# Visual Studio Version 18
VisualStudioVersion = 18.5.11723.231
MinimumVisualStudioVersion = 10.0.40219.1
Project("{FAE04EC0-301F-11D3-BF4B-00C04F79EFBC}") = "APP.Framework.Core", "APP.Framework\APP.Framework.Core.csproj", "{13E5CF22-6875-4CC6-81F2-67DDC0D637E1}"
EndProject
Project("{FAE04EC0-301F-11D3-BF4B-00C04F79EFBC}") = "APP.Components.Dto.Core", "APP.Components.Dto\APP.Components.Dto.Core.csproj", "{65F2B92A-A3A5-4475-93DF-39D990062DD1}"
EndProject
Project("{FAE04EC0-301F-11D3-BF4B-00C04F79EFBC}") = "APP.Components.EntityConverter.Core", "APP.Components.EntityConverter\APP.Components.EntityConverter.Core.csproj", "{A1B2C3D4-E5F6-7890-ABCD-EF1234567890}"
EndProject
Project("{FAE04EC0-301F-11D3-BF4B-00C04F79EFBC}") = "APP.BL.Core", "APP.BL\APP.BL.Core.csproj", "{B2C3D4E5-F678-9012-BCDE-F12345678901}"
EndProject
Project("{FAE04EC0-301F-11D3-BF4B-00C04F79EFBC}") = "DatabaseSchemaReader.Core", "DatabaseSchemaReader\DatabaseSchemaReader.Core.csproj", "{E5F67890-1234-5678-EF01-345678901234}"
EndProject
Project("{FAE04EC0-301F-11D3-BF4B-00C04F79EFBC}") = "NJsonSchema", "DataExChange\NJsonSchema\NJsonSchema.csproj", "{5A181AB8-9441-429E-9526-B7D0FD4F6377}"
EndProject
Project("{FAE04EC0-301F-11D3-BF4B-00C04F79EFBC}") = "NJsonSchema.CodeGeneration", "DataExChange\NJsonSchema.CodeGeneration\NJsonSchema.CodeGeneration.csproj", "{C372B7CB-8B60-4293-908A-B4E1DA0DEA00}"
EndProject
Project("{2150E333-8FDC-42A3-9474-1A3956D46DE8}") = "Foundation", "Foundation", "{088F9C81-B0A6-40FF-A0D8-96F7459AC448}"
EndProject
Project("{2150E333-8FDC-42A3-9474-1A3956D46DE8}") = "BusinessLogic", "BusinessLogic", "{11111111-2222-3333-4444-555555555555}"
EndProject
Project("{2150E333-8FDC-42A3-9474-1A3956D46DE8}") = "Infrastructure", "Infrastructure", "{22222222-3333-4444-5555-666666666666}"
EndProject
Project("{2150E333-8FDC-42A3-9474-1A3956D46DE8}") = "Integration", "Integration", "{33333333-4444-5555-6666-777777777777}"
EndProject
Project("{2150E333-8FDC-42A3-9474-1A3956D46DE8}") = "_migration-notes", "_migration-notes", "{8298D1FB-CBAC-48D9-9203-C57B6284CDDD}"
	ProjectSection(SolutionItems) = preProject
		Document\MigrationPLan.md = Document\MigrationPLan.md
	EndProjectSection
EndProject
Project("{2150E333-8FDC-42A3-9474-1A3956D46DE8}") = "Web", "Web", "{44444444-5555-6666-7777-888888888888}"
EndProject
Project("{FAE04EC0-301F-11D3-BF4B-00C04F79EFBC}") = "AppAI.Web", "AppAI.Web\AppAI.Web.csproj", "{F1A2B3C4-D5E6-7890-ABCD-EF0123456789}"
EndProject
Project("{2150E333-8FDC-42A3-9474-1A3956D46DE8}") = "LLBL", "LLBL", "{75B97356-47F2-869C-2D00-4286A3B968B2}"
EndProject
Project("{2150E333-8FDC-42A3-9474-1A3956D46DE8}") = "DatabaseGeneric", "DatabaseGeneric", "{E37F8C49-C6E3-4958-C047-C30481609745}"
EndProject
Project("{FAE04EC0-301F-11D3-BF4B-00C04F79EFBC}") = "APP.LBL", "LLBL\DatabaseGeneric\APP.LBL.csproj", "{744A6430-8949-4EBA-B754-634D01857971}"
EndProject
Project("{2150E333-8FDC-42A3-9474-1A3956D46DE8}") = "DatabaseSpecific", "DatabaseSpecific", "{01D89DF9-2A74-90E2-37B0-430CA345B4A6}"
EndProject
Project("{FAE04EC0-301F-11D3-BF4B-00C04F79EFBC}") = "APP.LBLDBSpecific", "LLBL\DatabaseSpecific\APP.LBLDBSpecific.csproj", "{5E4E980D-5866-45E0-9E2E-B5F882B65ACB}"
EndProject

Project("{FAE04EC0-301F-11D3-BF4B-00C04F79EFBC}") = "AppEvaluator.Core", "AppEvaluator\Evaluator\AppEvaluator.Core.csproj", "{76611B68-C921-4C4A-98BB-D88519C83BF4}"
EndProject
Global
	GlobalSection(SolutionConfigurationPlatforms) = preSolution
		Debug|Any CPU = Debug|Any CPU
		Debug|x64 = Debug|x64
		Debug|x86 = Debug|x86
		Release|Any CPU = Release|Any CPU
		Release|x64 = Release|x64
		Release|x86 = Release|x86
	EndGlobalSection
	GlobalSection(ProjectConfigurationPlatforms) = postSolution
		{13E5CF22-6875-4CC6-81F2-67DDC0D637E1}.Debug|Any CPU.ActiveCfg = Debug|Any CPU
		{13E5CF22-6875-4CC6-81F2-67DDC0D637E1}.Debug|Any CPU.Build.0 = Debug|Any CPU
		{13E5CF22-6875-4CC6-81F2-67DDC0D637E1}.Debug|x64.ActiveCfg = Debug|Any CPU
		{13E5CF22-6875-4CC6-81F2-67DDC0D637E1}.Debug|x64.Build.0 = Debug|Any CPU
		{13E5CF22-6875-4CC6-81F2-67DDC0D637E1}.Debug|x86.ActiveCfg = Debug|Any CPU
		{13E5CF22-6875-4CC6-81F2-67DDC0D637E1}.Debug|x86.Build.0 = Debug|Any CPU
		{13E5CF22-6875-4CC6-81F2-67DDC0D637E1}.Release|Any CPU.ActiveCfg = Release|Any CPU
		{13E5CF22-6875-4CC6-81F2-67DDC0D637E1}.Release|Any CPU.Build.0 = Release|Any CPU
		{13E5CF22-6875-4CC6-81F2-67DDC0D637E1}.Release|x64.ActiveCfg = Release|Any CPU
		{13E5CF22-6875-4CC6-81F2-67DDC0D637E1}.Release|x64.Build.0 = Release|Any CPU
		{13E5CF22-6875-4CC6-81F2-67DDC0D637E1}.Release|x86.ActiveCfg = Release|Any CPU
		{13E5CF22-6875-4CC6-81F2-67DDC0D637E1}.Release|x86.Build.0 = Release|Any CPU
		{65F2B92A-A3A5-4475-93DF-39D990062DD1}.Debug|Any CPU.ActiveCfg = Debug|Any CPU
		{65F2B92A-A3A5-4475-93DF-39D990062DD1}.Debug|Any CPU.Build.0 = Debug|Any CPU
		{65F2B92A-A3A5-4475-93DF-39D990062DD1}.Debug|x64.ActiveCfg = Debug|Any CPU
		{65F2B92A-A3A5-4475-93DF-39D990062DD1}.Debug|x64.Build.0 = Debug|Any CPU
		{65F2B92A-A3A5-4475-93DF-39D990062DD1}.Debug|x86.ActiveCfg = Debug|Any CPU
		{65F2B92A-A3A5-4475-93DF-39D990062DD1}.Debug|x86.Build.0 = Debug|Any CPU
		{65F2B92A-A3A5-4475-93DF-39D990062DD1}.Release|Any CPU.ActiveCfg = Release|Any CPU
		{65F2B92A-A3A5-4475-93DF-39D990062DD1}.Release|Any CPU.Build.0 = Release|Any CPU
		{65F2B92A-A3A5-4475-93DF-39D990062DD1}.Release|x64.ActiveCfg = Release|Any CPU
		{65F2B92A-A3A5-4475-93DF-39D990062DD1}.Release|x64.Build.0 = Release|Any CPU
		{65F2B92A-A3A5-4475-93DF-39D990062DD1}.Release|x86.ActiveCfg = Release|Any CPU
		{65F2B92A-A3A5-4475-93DF-39D990062DD1}.Release|x86.Build.0 = Release|Any CPU
		{A1B2C3D4-E5F6-7890-ABCD-EF1234567890}.Debug|Any CPU.ActiveCfg = Debug|Any CPU
		{A1B2C3D4-E5F6-7890-ABCD-EF1234567890}.Debug|Any CPU.Build.0 = Debug|Any CPU
		{A1B2C3D4-E5F6-7890-ABCD-EF1234567890}.Debug|x64.ActiveCfg = Debug|Any CPU
		{A1B2C3D4-E5F6-7890-ABCD-EF1234567890}.Debug|x64.Build.0 = Debug|Any CPU
		{A1B2C3D4-E5F6-7890-ABCD-EF1234567890}.Debug|x86.ActiveCfg = Debug|Any CPU
		{A1B2C3D4-E5F6-7890-ABCD-EF1234567890}.Debug|x86.Build.0 = Debug|Any CPU
		{A1B2C3D4-E5F6-7890-ABCD-EF1234567890}.Release|Any CPU.ActiveCfg = Release|Any CPU
		{A1B2C3D4-E5F6-7890-ABCD-EF1234567890}.Release|Any CPU.Build.0 = Release|Any CPU
		{A1B2C3D4-E5F6-7890-ABCD-EF1234567890}.Release|x64.ActiveCfg = Release|Any CPU
		{A1B2C3D4-E5F6-7890-ABCD-EF1234567890}.Release|x64.Build.0 = Release|Any CPU
		{A1B2C3D4-E5F6-7890-ABCD-EF1234567890}.Release|x86.ActiveCfg = Release|Any CPU
		{A1B2C3D4-E5F6-7890-ABCD-EF1234567890}.Release|x86.Build.0 = Release|Any CPU
		{B2C3D4E5-F678-9012-BCDE-F12345678901}.Debug|Any CPU.ActiveCfg = Debug|Any CPU
		{B2C3D4E5-F678-9012-BCDE-F12345678901}.Debug|Any CPU.Build.0 = Debug|Any CPU
		{B2C3D4E5-F678-9012-BCDE-F12345678901}.Debug|x64.ActiveCfg = Debug|Any CPU
		{B2C3D4E5-F678-9012-BCDE-F12345678901}.Debug|x64.Build.0 = Debug|Any CPU
		{B2C3D4E5-F678-9012-BCDE-F12345678901}.Debug|x86.ActiveCfg = Debug|Any CPU
		{B2C3D4E5-F678-9012-BCDE-F12345678901}.Debug|x86.Build.0 = Debug|Any CPU
		{B2C3D4E5-F678-9012-BCDE-F12345678901}.Release|Any CPU.ActiveCfg = Release|Any CPU
		{B2C3D4E5-F678-9012-BCDE-F12345678901}.Release|Any CPU.Build.0 = Release|Any CPU
		{B2C3D4E5-F678-9012-BCDE-F12345678901}.Release|x64.ActiveCfg = Release|Any CPU
		{B2C3D4E5-F678-9012-BCDE-F12345678901}.Release|x64.Build.0 = Release|Any CPU
		{B2C3D4E5-F678-9012-BCDE-F12345678901}.Release|x86.ActiveCfg = Release|Any CPU
		{B2C3D4E5-F678-9012-BCDE-F12345678901}.Release|x86.Build.0 = Release|Any CPU
		{E5F67890-1234-5678-EF01-345678901234}.Debug|Any CPU.ActiveCfg = Debug|Any CPU
		{E5F67890-1234-5678-EF01-345678901234}.Debug|Any CPU.Build.0 = Debug|Any CPU
		{E5F67890-1234-5678-EF01-345678901234}.Debug|x64.ActiveCfg = Debug|Any CPU
		{E5F67890-1234-5678-EF01-345678901234}.Debug|x64.Build.0 = Debug|Any CPU
		{E5F67890-1234-5678-EF01-345678901234}.Debug|x86.ActiveCfg = Debug|Any CPU
		{E5F67890-1234-5678-EF01-345678901234}.Debug|x86.Build.0 = Debug|Any CPU
		{E5F67890-1234-5678-EF01-345678901234}.Release|Any CPU.ActiveCfg = Release|Any CPU
		{E5F67890-1234-5678-EF01-345678901234}.Release|Any CPU.Build.0 = Release|Any CPU
		{E5F67890-1234-5678-EF01-345678901234}.Release|x64.ActiveCfg = Release|Any CPU
		{E5F67890-1234-5678-EF01-345678901234}.Release|x64.Build.0 = Release|Any CPU
		{E5F67890-1234-5678-EF01-345678901234}.Release|x86.ActiveCfg = Release|Any CPU
		{E5F67890-1234-5678-EF01-345678901234}.Release|x86.Build.0 = Release|Any CPU
		{5A181AB8-9441-429E-9526-B7D0FD4F6377}.Debug|Any CPU.ActiveCfg = Debug|Any CPU
		{5A181AB8-9441-429E-9526-B7D0FD4F6377}.Debug|Any CPU.Build.0 = Debug|Any CPU
		{5A181AB8-9441-429E-9526-B7D0FD4F6377}.Debug|x64.ActiveCfg = Debug|Any CPU
		{5A181AB8-9441-429E-9526-B7D0FD4F6377}.Debug|x64.Build.0 = Debug|Any CPU
		{5A181AB8-9441-429E-9526-B7D0FD4F6377}.Debug|x86.ActiveCfg = Debug|Any CPU
		{5A181AB8-9441-429E-9526-B7D0FD4F6377}.Debug|x86.Build.0 = Debug|Any CPU
		{5A181AB8-9441-429E-9526-B7D0FD4F6377}.Release|Any CPU.ActiveCfg = Release|Any CPU
		{5A181AB8-9441-429E-9526-B7D0FD4F6377}.Release|Any CPU.Build.0 = Release|Any CPU
		{5A181AB8-9441-429E-9526-B7D0FD4F6377}.Release|x64.ActiveCfg = Release|Any CPU
		{5A181AB8-9441-429E-9526-B7D0FD4F6377}.Release|x64.Build.0 = Release|Any CPU
		{5A181AB8-9441-429E-9526-B7D0FD4F6377}.Release|x86.ActiveCfg = Release|Any CPU
		{5A181AB8-9441-429E-9526-B7D0FD4F6377}.Release|x86.Build.0 = Release|Any CPU
		{C372B7CB-8B60-4293-908A-B4E1DA0DEA00}.Debug|Any CPU.ActiveCfg = Debug|Any CPU
		{C372B7CB-8B60-4293-908A-B4E1DA0DEA00}.Debug|Any CPU.Build.0 = Debug|Any CPU
		{C372B7CB-8B60-4293-908A-B4E1DA0DEA00}.Debug|x64.ActiveCfg = Debug|Any CPU
		{C372B7CB-8B60-4293-908A-B4E1DA0DEA00}.Debug|x64.Build.0 = Debug|Any CPU
		{C372B7CB-8B60-4293-908A-B4E1DA0DEA00}.Debug|x86.ActiveCfg = Debug|Any CPU
		{C372B7CB-8B60-4293-908A-B4E1DA0DEA00}.Debug|x86.Build.0 = Debug|Any CPU
		{C372B7CB-8B60-4293-908A-B4E1DA0DEA00}.Release|Any CPU.ActiveCfg = Release|Any CPU
		{C372B7CB-8B60-4293-908A-B4E1DA0DEA00}.Release|Any CPU.Build.0 = Release|Any CPU
		{C372B7CB-8B60-4293-908A-B4E1DA0DEA00}.Release|x64.ActiveCfg = Release|Any CPU
		{C372B7CB-8B60-4293-908A-B4E1DA0DEA00}.Release|x64.Build.0 = Release|Any CPU
		{C372B7CB-8B60-4293-908A-B4E1DA0DEA00}.Release|x86.ActiveCfg = Release|Any CPU
		{C372B7CB-8B60-4293-908A-B4E1DA0DEA00}.Release|x86.Build.0 = Release|Any CPU
		{F1A2B3C4-D5E6-7890-ABCD-EF0123456789}.Debug|Any CPU.ActiveCfg = Debug|Any CPU
		{F1A2B3C4-D5E6-7890-ABCD-EF0123456789}.Debug|Any CPU.Build.0 = Debug|Any CPU
		{F1A2B3C4-D5E6-7890-ABCD-EF0123456789}.Debug|x64.ActiveCfg = Debug|Any CPU
		{F1A2B3C4-D5E6-7890-ABCD-EF0123456789}.Debug|x64.Build.0 = Debug|Any CPU
		{F1A2B3C4-D5E6-7890-ABCD-EF0123456789}.Debug|x86.ActiveCfg = Debug|Any CPU
		{F1A2B3C4-D5E6-7890-ABCD-EF0123456789}.Debug|x86.Build.0 = Debug|Any CPU
		{F1A2B3C4-D5E6-7890-ABCD-EF0123456789}.Release|Any CPU.ActiveCfg = Release|Any CPU
		{F1A2B3C4-D5E6-7890-ABCD-EF0123456789}.Release|Any CPU.Build.0 = Release|Any CPU
		{F1A2B3C4-D5E6-7890-ABCD-EF0123456789}.Release|x64.ActiveCfg = Release|Any CPU
		{F1A2B3C4-D5E6-7890-ABCD-EF0123456789}.Release|x64.Build.0 = Release|Any CPU
		{F1A2B3C4-D5E6-7890-ABCD-EF0123456789}.Release|x86.ActiveCfg = Release|Any CPU
		{F1A2B3C4-D5E6-7890-ABCD-EF0123456789}.Release|x86.Build.0 = Release|Any CPU
		{744A6430-8949-4EBA-B754-634D01857971}.Debug|Any CPU.ActiveCfg = Debug|Any CPU
		{744A6430-8949-4EBA-B754-634D01857971}.Debug|Any CPU.Build.0 = Debug|Any CPU
		{744A6430-8949-4EBA-B754-634D01857971}.Debug|x64.ActiveCfg = Debug|Any CPU
		{744A6430-8949-4EBA-B754-634D01857971}.Debug|x64.Build.0 = Debug|Any CPU
		{744A6430-8949-4EBA-B754-634D01857971}.Debug|x86.ActiveCfg = Debug|Any CPU
		{744A6430-8949-4EBA-B754-634D01857971}.Debug|x86.Build.0 = Debug|Any CPU
		{744A6430-8949-4EBA-B754-634D01857971}.Release|Any CPU.ActiveCfg = Release|Any CPU
		{744A6430-8949-4EBA-B754-634D01857971}.Release|Any CPU.Build.0 = Release|Any CPU
		{744A6430-8949-4EBA-B754-634D01857971}.Release|x64.ActiveCfg = Release|Any CPU
		{744A6430-8949-4EBA-B754-634D01857971}.Release|x64.Build.0 = Release|Any CPU
		{744A6430-8949-4EBA-B754-634D01857971}.Release|x86.ActiveCfg = Release|Any CPU
		{744A6430-8949-4EBA-B754-634D01857971}.Release|x86.Build.0 = Release|Any CPU
		{5E4E980D-5866-45E0-9E2E-B5F882B65ACB}.Debug|Any CPU.ActiveCfg = Debug|Any CPU
		{5E4E980D-5866-45E0-9E2E-B5F882B65ACB}.Debug|Any CPU.Build.0 = Debug|Any CPU
		{5E4E980D-5866-45E0-9E2E-B5F882B65ACB}.Debug|x64.ActiveCfg = Debug|Any CPU
		{5E4E980D-5866-45E0-9E2E-B5F882B65ACB}.Debug|x64.Build.0 = Debug|Any CPU
		{5E4E980D-5866-45E0-9E2E-B5F882B65ACB}.Debug|x86.ActiveCfg = Debug|Any CPU
		{5E4E980D-5866-45E0-9E2E-B5F882B65ACB}.Debug|x86.Build.0 = Debug|Any CPU
		{5E4E980D-5866-45E0-9E2E-B5F882B65ACB}.Release|Any CPU.ActiveCfg = Release|Any CPU
		{5E4E980D-5866-45E0-9E2E-B5F882B65ACB}.Release|Any CPU.Build.0 = Release|Any CPU
		{5E4E980D-5866-45E0-9E2E-B5F882B65ACB}.Release|x64.ActiveCfg = Release|Any CPU
		{5E4E980D-5866-45E0-9E2E-B5F882B65ACB}.Release|x64.Build.0 = Release|Any CPU
		{5E4E980D-5866-45E0-9E2E-B5F882B65ACB}.Release|x86.ActiveCfg = Release|Any CPU
		{5E4E980D-5866-45E0-9E2E-B5F882B65ACB}.Release|x86.Build.0 = Release|Any CPU
		{76611B68-C921-4C4A-98BB-D88519C83BF4}.Debug|Any CPU.ActiveCfg = Debug|Any CPU
		{76611B68-C921-4C4A-98BB-D88519C83BF4}.Debug|Any CPU.Build.0 = Debug|Any CPU
		{76611B68-C921-4C4A-98BB-D88519C83BF4}.Debug|x64.ActiveCfg = Debug|Any CPU
		{76611B68-C921-4C4A-98BB-D88519C83BF4}.Debug|x64.Build.0 = Debug|Any CPU
		{76611B68-C921-4C4A-98BB-D88519C83BF4}.Debug|x86.ActiveCfg = Debug|Any CPU
		{76611B68-C921-4C4A-98BB-D88519C83BF4}.Debug|x86.Build.0 = Debug|Any CPU
		{76611B68-C921-4C4A-98BB-D88519C83BF4}.Release|Any CPU.ActiveCfg = Release|Any CPU
		{76611B68-C921-4C4A-98BB-D88519C83BF4}.Release|Any CPU.Build.0 = Release|Any CPU
		{76611B68-C921-4C4A-98BB-D88519C83BF4}.Release|x64.ActiveCfg = Release|Any CPU
		{76611B68-C921-4C4A-98BB-D88519C83BF4}.Release|x64.Build.0 = Release|Any CPU
		{76611B68-C921-4C4A-98BB-D88519C83BF4}.Release|x86.ActiveCfg = Release|Any CPU
		{76611B68-C921-4C4A-98BB-D88519C83BF4}.Release|x86.Build.0 = Release|Any CPU
	EndGlobalSection
	GlobalSection(SolutionProperties) = preSolution
		HideSolutionNode = FALSE
	EndGlobalSection
	GlobalSection(NestedProjects) = preSolution
		{13E5CF22-6875-4CC6-81F2-67DDC0D637E1} = {088F9C81-B0A6-40FF-A0D8-96F7459AC448}
		{65F2B92A-A3A5-4475-93DF-39D990062DD1} = {088F9C81-B0A6-40FF-A0D8-96F7459AC448}
		{A1B2C3D4-E5F6-7890-ABCD-EF1234567890} = {088F9C81-B0A6-40FF-A0D8-96F7459AC448}
		{B2C3D4E5-F678-9012-BCDE-F12345678901} = {11111111-2222-3333-4444-555555555555}
		{E5F67890-1234-5678-EF01-345678901234} = {22222222-3333-4444-5555-666666666666}
		{5A181AB8-9441-429E-9526-B7D0FD4F6377} = {33333333-4444-5555-6666-777777777777}
		{C372B7CB-8B60-4293-908A-B4E1DA0DEA00} = {33333333-4444-5555-6666-777777777777}
		{F1A2B3C4-D5E6-7890-ABCD-EF0123456789} = {44444444-5555-6666-7777-888888888888}
		{E37F8C49-C6E3-4958-C047-C30481609745} = {75B97356-47F2-869C-2D00-4286A3B968B2}
		{744A6430-8949-4EBA-B754-634D01857971} = {E37F8C49-C6E3-4958-C047-C30481609745}
		{01D89DF9-2A74-90E2-37B0-430CA345B4A6} = {75B97356-47F2-869C-2D00-4286A3B968B2}
		{5E4E980D-5866-45E0-9E2E-B5F882B65ACB} = {01D89DF9-2A74-90E2-37B0-430CA345B4A6}
		{76611B68-C921-4C4A-98BB-D88519C83BF4} = {22222222-3333-4444-5555-666666666666}
	EndGlobalSection
	GlobalSection(ExtensibilityGlobals) = postSolution
		SolutionGuid = {D76C3DD7-2CE4-429A-B1A2-39D87AEE4F3C}
	EndGlobalSection
EndGlobal
